
Microsoft Visual Studio Solution File, Format Version 12.00
# Visual Studio Version 17
VisualStudioVersion = 17.2.32516.85
MinimumVisualStudioVersion = 10.0.40219.1
Project("{8BC9CEB8-8B4A-11D0-8D11-00A0C91BC942}") = "libgmp", "gmp-6.2.1-vs\gmp-6.2.1-vs.vcxproj", "{4F4F50BE-3836-4667-97F2-3950AA355AEC}"
EndProject
Project("{8BC9CEB8-8B4A-11D0-8D11-00A0C91BC942}") = "libscanf", "libscanf\libscanf.vcxproj", "{E813D9C2-CD7D-4B04-A7EE-3D19FFD0EFFF}"
EndProject
Project("{8BC9CEB8-8B4A-11D0-8D11-00A0C91BC942}") = "libprintf", "libprintf\libprintf.vcxproj", "{1CF6130D-AC61-43EF-850F-2957455081B4}"
EndProject
Project("{8BC9CEB8-8B4A-11D0-8D11-00A0C91BC942}") = "librandom", "librandom\librandom.vcxproj", "{338E02A2-A588-428B-ADDE-FE110C949815}"
EndProject
Project("{8BC9CEB8-8B4A-11D0-8D11-00A0C91BC942}") = "libmpf", "libmpf\libmpf.vcxproj", "{6870598E-2B30-49C8-85ED-4F7F326D32CA}"
EndProject
Project("{8BC9CEB8-8B4A-11D0-8D11-00A0C91BC942}") = "libmpn", "libmpn\libmpn.vcxproj", "{97132C89-7F7F-465D-A25C-6646F3AEC6B3}"
EndProject
Project("{8BC9CEB8-8B4A-11D0-8D11-00A0C91BC942}") = "libmpq", "libmpq\libmpq.vcxproj", "{71E331D2-10B8-45D4-9640-1D1E92799D9F}"
EndProject
Project("{8BC9CEB8-8B4A-11D0-8D11-00A0C91BC942}") = "libmpz", "libmpz\libmpz.vcxproj", "{2F7AB268-F6A4-43CD-AC8D-C576819D3B8D}"
EndProject
Project("{8BC9CEB8-8B4A-11D0-8D11-00A0C91BC942}") = "calc", "calc\calc.vcxproj", "{E0F32100-495E-47B2-946A-019FB1D836CC}"
EndProject
Project("{2150E333-8FDC-42A3-9474-1A3956D46DE8}") = "解决方案项", "解决方案项", "{613711CC-6646-4C14-989C-2B6B643C9040}"
	ProjectSection(SolutionItems) = preProject
		README.md = README.md
	EndProjectSection
EndProject
Project("{8BC9CEB8-8B4A-11D0-8D11-00A0C91BC942}") = "expr", "expr\expr.vcxproj", "{83BC3078-128A-4374-A269-AB675EEAA11D}"
EndProject
Project("{8BC9CEB8-8B4A-11D0-8D11-00A0C91BC942}") = "tests", "tests\tests.vcxproj", "{523AC951-7919-49F8-85BF-7051E3950AE5}"
EndProject
Project("{8BC9CEB8-8B4A-11D0-8D11-00A0C91BC942}") = "libminigmp", "libminigmp\libminigmp.vcxproj", "{B46FA985-7B06-4686-828C-63D9C95368F3}"
EndProject
Global
	GlobalSection(SolutionConfigurationPlatforms) = preSolution
		Debug|x64 = Debug|x64
		Debug|x86 = Debug|x86
		Release|x64 = Release|x64
		Release|x86 = Release|x86
	EndGlobalSection
	GlobalSection(ProjectConfigurationPlatforms) = postSolution
		{4F4F50BE-3836-4667-97F2-3950AA355AEC}.Debug|x64.ActiveCfg = Debug|x64
		{4F4F50BE-3836-4667-97F2-3950AA355AEC}.Debug|x64.Build.0 = Debug|x64
		{4F4F50BE-3836-4667-97F2-3950AA355AEC}.Debug|x86.ActiveCfg = Debug|Win32
		{4F4F50BE-3836-4667-97F2-3950AA355AEC}.Debug|x86.Build.0 = Debug|Win32
		{4F4F50BE-3836-4667-97F2-3950AA355AEC}.Release|x64.ActiveCfg = Release|x64
		{4F4F50BE-3836-4667-97F2-3950AA355AEC}.Release|x64.Build.0 = Release|x64
		{4F4F50BE-3836-4667-97F2-3950AA355AEC}.Release|x86.ActiveCfg = Release|Win32
		{4F4F50BE-3836-4667-97F2-3950AA355AEC}.Release|x86.Build.0 = Release|Win32
		{E813D9C2-CD7D-4B04-A7EE-3D19FFD0EFFF}.Debug|x64.ActiveCfg = Debug|x64
		{E813D9C2-CD7D-4B04-A7EE-3D19FFD0EFFF}.Debug|x64.Build.0 = Debug|x64
		{E813D9C2-CD7D-4B04-A7EE-3D19FFD0EFFF}.Debug|x86.ActiveCfg = Debug|Win32
		{E813D9C2-CD7D-4B04-A7EE-3D19FFD0EFFF}.Debug|x86.Build.0 = Debug|Win32
		{E813D9C2-CD7D-4B04-A7EE-3D19FFD0EFFF}.Release|x64.ActiveCfg = Release|x64
		{E813D9C2-CD7D-4B04-A7EE-3D19FFD0EFFF}.Release|x64.Build.0 = Release|x64
		{E813D9C2-CD7D-4B04-A7EE-3D19FFD0EFFF}.Release|x86.ActiveCfg = Release|Win32
		{E813D9C2-CD7D-4B04-A7EE-3D19FFD0EFFF}.Release|x86.Build.0 = Release|Win32
		{1CF6130D-AC61-43EF-850F-2957455081B4}.Debug|x64.ActiveCfg = Debug|x64
		{1CF6130D-AC61-43EF-850F-2957455081B4}.Debug|x64.Build.0 = Debug|x64
		{1CF6130D-AC61-43EF-850F-2957455081B4}.Debug|x86.ActiveCfg = Debug|Win32
		{1CF6130D-AC61-43EF-850F-2957455081B4}.Debug|x86.Build.0 = Debug|Win32
		{1CF6130D-AC61-43EF-850F-2957455081B4}.Release|x64.ActiveCfg = Release|x64
		{1CF6130D-AC61-43EF-850F-2957455081B4}.Release|x64.Build.0 = Release|x64
		{1CF6130D-AC61-43EF-850F-2957455081B4}.Release|x86.ActiveCfg = Release|Win32
		{1CF6130D-AC61-43EF-850F-2957455081B4}.Release|x86.Build.0 = Release|Win32
		{338E02A2-A588-428B-ADDE-FE110C949815}.Debug|x64.ActiveCfg = Debug|x64
		{338E02A2-A588-428B-ADDE-FE110C949815}.Debug|x64.Build.0 = Debug|x64
		{338E02A2-A588-428B-ADDE-FE110C949815}.Debug|x86.ActiveCfg = Debug|Win32
		{338E02A2-A588-428B-ADDE-FE110C949815}.Debug|x86.Build.0 = Debug|Win32
		{338E02A2-A588-428B-ADDE-FE110C949815}.Release|x64.ActiveCfg = Release|x64
		{338E02A2-A588-428B-ADDE-FE110C949815}.Release|x64.Build.0 = Release|x64
		{338E02A2-A588-428B-ADDE-FE110C949815}.Release|x86.ActiveCfg = Release|Win32
		{338E02A2-A588-428B-ADDE-FE110C949815}.Release|x86.Build.0 = Release|Win32
		{6870598E-2B30-49C8-85ED-4F7F326D32CA}.Debug|x64.ActiveCfg = Debug|x64
		{6870598E-2B30-49C8-85ED-4F7F326D32CA}.Debug|x64.Build.0 = Debug|x64
		{6870598E-2B30-49C8-85ED-4F7F326D32CA}.Debug|x86.ActiveCfg = Debug|Win32
		{6870598E-2B30-49C8-85ED-4F7F326D32CA}.Debug|x86.Build.0 = Debug|Win32
		{6870598E-2B30-49C8-85ED-4F7F326D32CA}.Release|x64.ActiveCfg = Release|x64
		{6870598E-2B30-49C8-85ED-4F7F326D32CA}.Release|x64.Build.0 = Release|x64
		{6870598E-2B30-49C8-85ED-4F7F326D32CA}.Release|x86.ActiveCfg = Release|Win32
		{6870598E-2B30-49C8-85ED-4F7F326D32CA}.Release|x86.Build.0 = Release|Win32
		{97132C89-7F7F-465D-A25C-6646F3AEC6B3}.Debug|x64.ActiveCfg = Debug|x64
		{97132C89-7F7F-465D-A25C-6646F3AEC6B3}.Debug|x64.Build.0 = Debug|x64
		{97132C89-7F7F-465D-A25C-6646F3AEC6B3}.Debug|x86.ActiveCfg = Debug|Win32
		{97132C89-7F7F-465D-A25C-6646F3AEC6B3}.Debug|x86.Build.0 = Debug|Win32
		{97132C89-7F7F-465D-A25C-6646F3AEC6B3}.Release|x64.ActiveCfg = Release|x64
		{97132C89-7F7F-465D-A25C-6646F3AEC6B3}.Release|x64.Build.0 = Release|x64
		{97132C89-7F7F-465D-A25C-6646F3AEC6B3}.Release|x86.ActiveCfg = Release|Win32
		{97132C89-7F7F-465D-A25C-6646F3AEC6B3}.Release|x86.Build.0 = Release|Win32
		{71E331D2-10B8-45D4-9640-1D1E92799D9F}.Debug|x64.ActiveCfg = Debug|x64
		{71E331D2-10B8-45D4-9640-1D1E92799D9F}.Debug|x64.Build.0 = Debug|x64
		{71E331D2-10B8-45D4-9640-1D1E92799D9F}.Debug|x86.ActiveCfg = Debug|Win32
		{71E331D2-10B8-45D4-9640-1D1E92799D9F}.Debug|x86.Build.0 = Debug|Win32
		{71E331D2-10B8-45D4-9640-1D1E92799D9F}.Release|x64.ActiveCfg = Release|x64
		{71E331D2-10B8-45D4-9640-1D1E92799D9F}.Release|x64.Build.0 = Release|x64
		{71E331D2-10B8-45D4-9640-1D1E92799D9F}.Release|x86.ActiveCfg = Release|Win32
		{71E331D2-10B8-45D4-9640-1D1E92799D9F}.Release|x86.Build.0 = Release|Win32
		{2F7AB268-F6A4-43CD-AC8D-C576819D3B8D}.Debug|x64.ActiveCfg = Debug|x64
		{2F7AB268-F6A4-43CD-AC8D-C576819D3B8D}.Debug|x64.Build.0 = Debug|x64
		{2F7AB268-F6A4-43CD-AC8D-C576819D3B8D}.Debug|x86.ActiveCfg = Debug|Win32
		{2F7AB268-F6A4-43CD-AC8D-C576819D3B8D}.Debug|x86.Build.0 = Debug|Win32
		{2F7AB268-F6A4-43CD-AC8D-C576819D3B8D}.Release|x64.ActiveCfg = Release|x64
		{2F7AB268-F6A4-43CD-AC8D-C576819D3B8D}.Release|x64.Build.0 = Release|x64
		{2F7AB268-F6A4-43CD-AC8D-C576819D3B8D}.Release|x86.ActiveCfg = Release|Win32
		{2F7AB268-F6A4-43CD-AC8D-C576819D3B8D}.Release|x86.Build.0 = Release|Win32
		{E0F32100-495E-47B2-946A-019FB1D836CC}.Debug|x64.ActiveCfg = Debug|x64
		{E0F32100-495E-47B2-946A-019FB1D836CC}.Debug|x64.Build.0 = Debug|x64
		{E0F32100-495E-47B2-946A-019FB1D836CC}.Debug|x86.ActiveCfg = Debug|Win32
		{E0F32100-495E-47B2-946A-019FB1D836CC}.Debug|x86.Build.0 = Debug|Win32
		{E0F32100-495E-47B2-946A-019FB1D836CC}.Release|x64.ActiveCfg = Release|x64
		{E0F32100-495E-47B2-946A-019FB1D836CC}.Release|x64.Build.0 = Release|x64
		{E0F32100-495E-47B2-946A-019FB1D836CC}.Release|x86.ActiveCfg = Release|Win32
		{E0F32100-495E-47B2-946A-019FB1D836CC}.Release|x86.Build.0 = Release|Win32
		{83BC3078-128A-4374-A269-AB675EEAA11D}.Debug|x64.ActiveCfg = Debug|x64
		{83BC3078-128A-4374-A269-AB675EEAA11D}.Debug|x64.Build.0 = Debug|x64
		{83BC3078-128A-4374-A269-AB675EEAA11D}.Debug|x86.ActiveCfg = Debug|Win32
		{83BC3078-128A-4374-A269-AB675EEAA11D}.Debug|x86.Build.0 = Debug|Win32
		{83BC3078-128A-4374-A269-AB675EEAA11D}.Release|x64.ActiveCfg = Release|x64
		{83BC3078-128A-4374-A269-AB675EEAA11D}.Release|x64.Build.0 = Release|x64
		{83BC3078-128A-4374-A269-AB675EEAA11D}.Release|x86.ActiveCfg = Release|Win32
		{83BC3078-128A-4374-A269-AB675EEAA11D}.Release|x86.Build.0 = Release|Win32
		{523AC951-7919-49F8-85BF-7051E3950AE5}.Debug|x64.ActiveCfg = Debug|x64
		{523AC951-7919-49F8-85BF-7051E3950AE5}.Debug|x64.Build.0 = Debug|x64
		{523AC951-7919-49F8-85BF-7051E3950AE5}.Debug|x86.ActiveCfg = Debug|Win32
		{523AC951-7919-49F8-85BF-7051E3950AE5}.Debug|x86.Build.0 = Debug|Win32
		{523AC951-7919-49F8-85BF-7051E3950AE5}.Release|x64.ActiveCfg = Release|x64
		{523AC951-7919-49F8-85BF-7051E3950AE5}.Release|x64.Build.0 = Release|x64
		{523AC951-7919-49F8-85BF-7051E3950AE5}.Release|x86.ActiveCfg = Release|Win32
		{523AC951-7919-49F8-85BF-7051E3950AE5}.Release|x86.Build.0 = Release|Win32
		{B46FA985-7B06-4686-828C-63D9C95368F3}.Debug|x64.ActiveCfg = Debug|x64
		{B46FA985-7B06-4686-828C-63D9C95368F3}.Debug|x64.Build.0 = Debug|x64
		{B46FA985-7B06-4686-828C-63D9C95368F3}.Debug|x86.ActiveCfg = Debug|Win32
		{B46FA985-7B06-4686-828C-63D9C95368F3}.Debug|x86.Build.0 = Debug|Win32
		{B46FA985-7B06-4686-828C-63D9C95368F3}.Release|x64.ActiveCfg = Release|x64
		{B46FA985-7B06-4686-828C-63D9C95368F3}.Release|x64.Build.0 = Release|x64
		{B46FA985-7B06-4686-828C-63D9C95368F3}.Release|x86.ActiveCfg = Release|Win32
		{B46FA985-7B06-4686-828C-63D9C95368F3}.Release|x86.Build.0 = Release|Win32
	EndGlobalSection
	GlobalSection(SolutionProperties) = preSolution
		HideSolutionNode = FALSE
	EndGlobalSection
	GlobalSection(ExtensibilityGlobals) = postSolution
		SolutionGuid = {A580F22D-EEBC-42AC-8E8B-EB6E31D58CBE}
	EndGlobalSection
EndGlobal
