<?xml version="1.0" encoding="utf-8"?>
<Project ToolsVersion="4.0" xmlns="http://schemas.microsoft.com/developer/msbuild/2003">
  <ItemGroup>
    <Filter Include="源文件">
      <UniqueIdentifier>{4FC737F1-C7A5-4376-A066-2A32D752A2FF}</UniqueIdentifier>
      <Extensions>cpp;c;cc;cxx;c++;cppm;ixx;def;odl;idl;hpj;bat;asm;asmx</Extensions>
    </Filter>
    <Filter Include="头文件">
      <UniqueIdentifier>{93995380-89BD-4b04-88EB-625FBE52EBFB}</UniqueIdentifier>
      <Extensions>h;hh;hpp;hxx;h++;hm;inl;inc;ipp;xsd</Extensions>
    </Filter>
    <Filter Include="资源文件">
      <UniqueIdentifier>{67DA6AB6-F800-4c08-8B7A-83BB121AAD01}</UniqueIdentifier>
      <Extensions>rc;ico;cur;bmp;dlg;rc2;rct;bin;rgs;gif;jpg;jpeg;jpe;resx;tiff;tif;png;wav;mfcribbon-ms</Extensions>
    </Filter>
  </ItemGroup>
  <ItemGroup>
    <ClInclude Include="asl.h">
      <Filter>头文件</Filter>
    </ClInclude>
    <ClInclude Include="config.h">
      <Filter>头文件</Filter>
    </ClInclude>
    <ClInclude Include="fac_table.h">
      <Filter>头文件</Filter>
    </ClInclude>
    <ClInclude Include="fib_table.h">
      <Filter>头文件</Filter>
    </ClInclude>
    <ClInclude Include="gmp.h">
      <Filter>头文件</Filter>
    </ClInclude>
    <ClInclude Include="gmp-impl.h">
      <Filter>头文件</Filter>
    </ClInclude>
    <ClInclude Include="gmpxx.h">
      <Filter>头文件</Filter>
    </ClInclude>
    <ClInclude Include="longlong.h">
      <Filter>头文件</Filter>
    </ClInclude>
    <ClInclude Include="mp_bases.h">
      <Filter>头文件</Filter>
    </ClInclude>
    <ClInclude Include="trialdivtab.h">
      <Filter>头文件</Filter>
    </ClInclude>
    <ClInclude Include="gmp-mparam.h">
      <Filter>头文件</Filter>
    </ClInclude>
  </ItemGroup>
  <ItemGroup>
    <ClCompile Include="gmp-6.2.1-vs.cpp">
      <Filter>源文件</Filter>
    </ClCompile>
    <ClCompile Include="pch.cpp">
      <Filter>源文件</Filter>
    </ClCompile>
    <ClCompile Include="assert.c">
      <Filter>源文件</Filter>
    </ClCompile>
    <ClCompile Include="bootstrap.c">
      <Filter>源文件</Filter>
    </ClCompile>
    <ClCompile Include="compat.c">
      <Filter>源文件</Filter>
    </ClCompile>
    <ClCompile Include="errno.c">
      <Filter>源文件</Filter>
    </ClCompile>
    <ClCompile Include="extract-dbl.c">
      <Filter>源文件</Filter>
    </ClCompile>
    <ClCompile Include="invalid.c">
      <Filter>源文件</Filter>
    </ClCompile>
    <ClCompile Include="memory.c">
      <Filter>源文件</Filter>
    </ClCompile>
    <ClCompile Include="mp_bpl.c">
      <Filter>源文件</Filter>
    </ClCompile>
    <ClCompile Include="mp_clz_tab.c">
      <Filter>源文件</Filter>
    </ClCompile>
    <ClCompile Include="mp_dv_tab.c">
      <Filter>源文件</Filter>
    </ClCompile>
    <ClCompile Include="mp_get_fns.c">
      <Filter>源文件</Filter>
    </ClCompile>
    <ClCompile Include="mp_set_fns.c">
      <Filter>源文件</Filter>
    </ClCompile>
    <ClCompile Include="mp_minv_tab.c">
      <Filter>源文件</Filter>
    </ClCompile>
    <ClCompile Include="nextprime.c">
      <Filter>源文件</Filter>
    </ClCompile>
    <ClCompile Include="primesieve.c">
      <Filter>源文件</Filter>
    </ClCompile>
    <ClCompile Include="tal-debug.c">
      <Filter>源文件</Filter>
    </ClCompile>
    <ClCompile Include="tal-notreent.c">
      <Filter>源文件</Filter>
    </ClCompile>
    <ClCompile Include="tal-reent.c">
      <Filter>源文件</Filter>
    </ClCompile>
    <ClCompile Include="version.c">
      <Filter>源文件</Filter>
    </ClCompile>
  </ItemGroup>
  <ItemGroup>
    <Text Include="parts.txt">
      <Filter>资源文件</Filter>
    </Text>
  </ItemGroup>
</Project>