<?xml version="1.0" encoding="utf-8"?>
<Project ToolsVersion="4.0" xmlns="http://schemas.microsoft.com/developer/msbuild/2003">
  <ItemGroup>
    <Filter Include="源文件">
      <UniqueIdentifier>{4FC737F1-C7A5-4376-A066-2A32D752A2FF}</UniqueIdentifier>
      <Extensions>cpp;c;cc;cxx;c++;cppm;ixx;def;odl;idl;hpj;bat;asm;asmx</Extensions>
    </Filter>
    <Filter Include="头文件">
      <UniqueIdentifier>{93995380-89BD-4b04-88EB-625FBE52EBFB}</UniqueIdentifier>
      <Extensions>h;hh;hpp;hxx;h++;hm;inl;inc;ipp;xsd</Extensions>
    </Filter>
    <Filter Include="资源文件">
      <UniqueIdentifier>{67DA6AB6-F800-4c08-8B7A-83BB121AAD01}</UniqueIdentifier>
      <Extensions>rc;ico;cur;bmp;dlg;rc2;rct;bin;rgs;gif;jpg;jpeg;jpe;resx;tiff;tif;png;wav;mfcribbon-ms</Extensions>
    </Filter>
  </ItemGroup>
  <ItemGroup>
    <ClInclude Include="generic\gmp-mparam.h">
      <Filter>头文件</Filter>
    </ClInclude>
    <ClInclude Include="perfsqr.h">
      <Filter>头文件</Filter>
    </ClInclude>
  </ItemGroup>
  <ItemGroup>
    <NASM Include="tmp-add_n.s.asm">
      <Filter>源文件</Filter>
    </NASM>
    <NASM Include="tmp-addlsh_n.s.asm">
      <Filter>源文件</Filter>
    </NASM>
    <NASM Include="tmp-addlsh1_n.s.asm">
      <Filter>源文件</Filter>
    </NASM>
    <NASM Include="tmp-addlsh2_n.s.asm">
      <Filter>源文件</Filter>
    </NASM>
    <NASM Include="tmp-addmul_1.s.asm">
      <Filter>源文件</Filter>
    </NASM>
    <NASM Include="tmp-and_n.s.asm">
      <Filter>源文件</Filter>
    </NASM>
    <NASM Include="tmp-andn_n.s.asm">
      <Filter>源文件</Filter>
    </NASM>
    <NASM Include="tmp-bdiv_dbm1c.s.asm">
      <Filter>源文件</Filter>
    </NASM>
    <NASM Include="tmp-bdiv_q_1.s.asm">
      <Filter>源文件</Filter>
    </NASM>
    <NASM Include="tmp-cnd_add_n.s.asm">
      <Filter>源文件</Filter>
    </NASM>
    <NASM Include="tmp-cnd_sub_n.s.asm">
      <Filter>源文件</Filter>
    </NASM>
    <NASM Include="tmp-com.s.asm">
      <Filter>源文件</Filter>
    </NASM>
    <NASM Include="tmp-copyd.s.asm">
      <Filter>源文件</Filter>
    </NASM>
    <NASM Include="tmp-copyi.s.asm">
      <Filter>源文件</Filter>
    </NASM>
    <NASM Include="tmp-div_qr_2n_pi1.s.asm">
      <Filter>源文件</Filter>
    </NASM>
    <NASM Include="tmp-dive_1.s.asm">
      <Filter>源文件</Filter>
    </NASM>
    <NASM Include="tmp-divrem_1.s.asm">
      <Filter>源文件</Filter>
    </NASM>
    <NASM Include="tmp-divrem_2.s.asm">
      <Filter>源文件</Filter>
    </NASM>
    <NASM Include="tmp-gcd_11.s.asm">
      <Filter>源文件</Filter>
    </NASM>
    <NASM Include="tmp-hamdist.s.asm">
      <Filter>源文件</Filter>
    </NASM>
    <NASM Include="tmp-invert_limb.s.asm">
      <Filter>源文件</Filter>
    </NASM>
    <NASM Include="tmp-invert_limb_table.s.asm">
      <Filter>源文件</Filter>
    </NASM>
    <NASM Include="tmp-ior_n.s.asm">
      <Filter>源文件</Filter>
    </NASM>
    <NASM Include="tmp-iorn_n.s.asm">
      <Filter>源文件</Filter>
    </NASM>
    <NASM Include="tmp-lshift.s.asm">
      <Filter>源文件</Filter>
    </NASM>
    <NASM Include="tmp-lshiftc.s.asm">
      <Filter>源文件</Filter>
    </NASM>
    <NASM Include="tmp-mod_1_1.s.asm">
      <Filter>源文件</Filter>
    </NASM>
    <NASM Include="tmp-mod_1_2.s.asm">
      <Filter>源文件</Filter>
    </NASM>
    <NASM Include="tmp-mod_1_4.s.asm">
      <Filter>源文件</Filter>
    </NASM>
    <NASM Include="tmp-mod_34lsub1.s.asm">
      <Filter>源文件</Filter>
    </NASM>
    <NASM Include="tmp-mode1o.s.asm">
      <Filter>源文件</Filter>
    </NASM>
    <NASM Include="tmp-mul_1.s.asm">
      <Filter>源文件</Filter>
    </NASM>
    <NASM Include="tmp-mul_2.s.asm">
      <Filter>源文件</Filter>
    </NASM>
    <NASM Include="tmp-mul_basecase.s.asm">
      <Filter>源文件</Filter>
    </NASM>
    <NASM Include="tmp-mullo_basecase.s.asm">
      <Filter>源文件</Filter>
    </NASM>
    <NASM Include="tmp-nand_n.s.asm">
      <Filter>源文件</Filter>
    </NASM>
    <NASM Include="tmp-nior_n.s.asm">
      <Filter>源文件</Filter>
    </NASM>
    <NASM Include="tmp-popcount.s.asm">
      <Filter>源文件</Filter>
    </NASM>
    <NASM Include="tmp-redc_1.s.asm">
      <Filter>源文件</Filter>
    </NASM>
    <NASM Include="tmp-rsblsh_n.s.asm">
      <Filter>源文件</Filter>
    </NASM>
    <NASM Include="tmp-rsblsh1_n.s.asm">
      <Filter>源文件</Filter>
    </NASM>
    <NASM Include="tmp-rsblsh2_n.s.asm">
      <Filter>源文件</Filter>
    </NASM>
    <NASM Include="tmp-rsh1add_n.s.asm">
      <Filter>源文件</Filter>
    </NASM>
    <NASM Include="tmp-rsh1sub_n.s.asm">
      <Filter>源文件</Filter>
    </NASM>
    <NASM Include="tmp-rshift.s.asm">
      <Filter>源文件</Filter>
    </NASM>
    <NASM Include="tmp-sec_tabselect.s.asm">
      <Filter>源文件</Filter>
    </NASM>
    <NASM Include="tmp-sqr_basecase.s.asm">
      <Filter>源文件</Filter>
    </NASM>
    <NASM Include="tmp-sqr_diag_addlsh1.s.asm">
      <Filter>源文件</Filter>
    </NASM>
    <NASM Include="tmp-sub_n.s.asm">
      <Filter>源文件</Filter>
    </NASM>
    <NASM Include="tmp-sublsh1_n.s.asm">
      <Filter>源文件</Filter>
    </NASM>
    <NASM Include="tmp-sublsh2_n.s.asm">
      <Filter>源文件</Filter>
    </NASM>
    <NASM Include="tmp-submul_1.s.asm">
      <Filter>源文件</Filter>
    </NASM>
    <NASM Include="tmp-xnor_n.s.asm">
      <Filter>源文件</Filter>
    </NASM>
    <NASM Include="tmp-xor_n.s.asm">
      <Filter>源文件</Filter>
    </NASM>
  </ItemGroup>
  <ItemGroup>
    <ClCompile Include="fib_table.c">
      <Filter>源文件</Filter>
    </ClCompile>
    <ClCompile Include="divexact.c">
      <Filter>源文件</Filter>
    </ClCompile>
    <ClCompile Include="mul.c">
      <Filter>源文件</Filter>
    </ClCompile>
    <ClCompile Include="toom22_mul.c">
      <Filter>源文件</Filter>
    </ClCompile>
    <ClCompile Include="toom32_mul.c">
      <Filter>源文件</Filter>
    </ClCompile>
    <ClCompile Include="toom33_mul.c">
      <Filter>源文件</Filter>
    </ClCompile>
    <ClCompile Include="toom42_mul.c">
      <Filter>源文件</Filter>
    </ClCompile>
    <ClCompile Include="toom42_mulmid.c">
      <Filter>源文件</Filter>
    </ClCompile>
    <ClCompile Include="toom43_mul.c">
      <Filter>源文件</Filter>
    </ClCompile>
    <ClCompile Include="toom44_mul.c">
      <Filter>源文件</Filter>
    </ClCompile>
    <ClCompile Include="toom52_mul.c">
      <Filter>源文件</Filter>
    </ClCompile>
    <ClCompile Include="toom53_mul.c">
      <Filter>源文件</Filter>
    </ClCompile>
    <ClCompile Include="toom54_mul.c">
      <Filter>源文件</Filter>
    </ClCompile>
    <ClCompile Include="toom62_mul.c">
      <Filter>源文件</Filter>
    </ClCompile>
    <ClCompile Include="toom63_mul.c">
      <Filter>源文件</Filter>
    </ClCompile>
    <ClCompile Include="toom_couple_handling.c">
      <Filter>源文件</Filter>
    </ClCompile>
    <ClCompile Include="toom_eval_dgr3_pm1.c">
      <Filter>源文件</Filter>
    </ClCompile>
    <ClCompile Include="toom_eval_dgr3_pm2.c">
      <Filter>源文件</Filter>
    </ClCompile>
    <ClCompile Include="toom_eval_pm1.c">
      <Filter>源文件</Filter>
    </ClCompile>
    <ClCompile Include="toom_eval_pm2.c">
      <Filter>源文件</Filter>
    </ClCompile>
    <ClCompile Include="toom_eval_pm2exp.c">
      <Filter>源文件</Filter>
    </ClCompile>
    <ClCompile Include="toom_eval_pm2rexp.c">
      <Filter>源文件</Filter>
    </ClCompile>
    <ClCompile Include="toom_interpolate_5pts.c">
      <Filter>源文件</Filter>
    </ClCompile>
    <ClCompile Include="toom_interpolate_6pts.c">
      <Filter>源文件</Filter>
    </ClCompile>
    <ClCompile Include="toom_interpolate_7pts.c">
      <Filter>源文件</Filter>
    </ClCompile>
    <ClCompile Include="toom_interpolate_8pts.c">
      <Filter>源文件</Filter>
    </ClCompile>
    <ClCompile Include="toom_interpolate_12pts.c">
      <Filter>源文件</Filter>
    </ClCompile>
    <ClCompile Include="toom_interpolate_16pts.c">
      <Filter>源文件</Filter>
    </ClCompile>
    <ClCompile Include="toom2_sqr.c">
      <Filter>源文件</Filter>
    </ClCompile>
    <ClCompile Include="toom3_sqr.c">
      <Filter>源文件</Filter>
    </ClCompile>
    <ClCompile Include="toom4_sqr.c">
      <Filter>源文件</Filter>
    </ClCompile>
    <ClCompile Include="toom6_sqr.c">
      <Filter>源文件</Filter>
    </ClCompile>
    <ClCompile Include="toom6h_mul.c">
      <Filter>源文件</Filter>
    </ClCompile>
    <ClCompile Include="toom8_sqr.c">
      <Filter>源文件</Filter>
    </ClCompile>
    <ClCompile Include="toom8h_mul.c">
      <Filter>源文件</Filter>
    </ClCompile>
    <ClCompile Include="bdiv_q.c">
      <Filter>源文件</Filter>
    </ClCompile>
    <ClCompile Include="bdiv_qr.c">
      <Filter>源文件</Filter>
    </ClCompile>
    <ClCompile Include="sbpi1_bdiv_q.c">
      <Filter>源文件</Filter>
    </ClCompile>
    <ClCompile Include="sbpi1_bdiv_qr.c">
      <Filter>源文件</Filter>
    </ClCompile>
    <ClCompile Include="sbpi1_bdiv_r.c">
      <Filter>源文件</Filter>
    </ClCompile>
    <ClCompile Include="sbpi1_div_q.c">
      <Filter>源文件</Filter>
    </ClCompile>
    <ClCompile Include="sbpi1_div_qr.c">
      <Filter>源文件</Filter>
    </ClCompile>
    <ClCompile Include="sbpi1_divappr_q.c">
      <Filter>源文件</Filter>
    </ClCompile>
    <ClCompile Include="dcpi1_bdiv_q.c">
      <Filter>源文件</Filter>
    </ClCompile>
    <ClCompile Include="dcpi1_bdiv_qr.c">
      <Filter>源文件</Filter>
    </ClCompile>
    <ClCompile Include="dcpi1_div_q.c">
      <Filter>源文件</Filter>
    </ClCompile>
    <ClCompile Include="dcpi1_div_qr.c">
      <Filter>源文件</Filter>
    </ClCompile>
    <ClCompile Include="dcpi1_divappr_q.c">
      <Filter>源文件</Filter>
    </ClCompile>
    <ClCompile Include="mu_bdiv_q.c">
      <Filter>源文件</Filter>
    </ClCompile>
    <ClCompile Include="mu_bdiv_qr.c">
      <Filter>源文件</Filter>
    </ClCompile>
    <ClCompile Include="mu_div_q.c">
      <Filter>源文件</Filter>
    </ClCompile>
    <ClCompile Include="mu_div_qr.c">
      <Filter>源文件</Filter>
    </ClCompile>
    <ClCompile Include="mu_divappr_q.c">
      <Filter>源文件</Filter>
    </ClCompile>
    <ClCompile Include="mul_fft.c">
      <Filter>源文件</Filter>
    </ClCompile>
    <ClCompile Include="mul_n.c">
      <Filter>源文件</Filter>
    </ClCompile>
    <ClCompile Include="mullo_n.c">
      <Filter>源文件</Filter>
    </ClCompile>
    <ClCompile Include="mulmid.c">
      <Filter>源文件</Filter>
    </ClCompile>
    <ClCompile Include="mulmid_basecase.c">
      <Filter>源文件</Filter>
    </ClCompile>
    <ClCompile Include="mulmid_n.c">
      <Filter>源文件</Filter>
    </ClCompile>
    <ClCompile Include="mulmod_bnm1.c">
      <Filter>源文件</Filter>
    </ClCompile>
    <ClCompile Include="sqr.c">
      <Filter>源文件</Filter>
    </ClCompile>
    <ClCompile Include="sqrlo.c">
      <Filter>源文件</Filter>
    </ClCompile>
    <ClCompile Include="sqrlo_basecase.c">
      <Filter>源文件</Filter>
    </ClCompile>
    <ClCompile Include="sqrmod_bnm1.c">
      <Filter>源文件</Filter>
    </ClCompile>
    <ClCompile Include="sqrtrem.c">
      <Filter>源文件</Filter>
    </ClCompile>
    <ClCompile Include="binvert.c">
      <Filter>源文件</Filter>
    </ClCompile>
    <ClCompile Include="gcd.c">
      <Filter>源文件</Filter>
    </ClCompile>
    <ClCompile Include="gcd_1.c">
      <Filter>源文件</Filter>
    </ClCompile>
    <ClCompile Include="gcd_subdiv_step.c">
      <Filter>源文件</Filter>
    </ClCompile>
    <ClCompile Include="gcdext.c">
      <Filter>源文件</Filter>
    </ClCompile>
    <ClCompile Include="gcdext_1.c">
      <Filter>源文件</Filter>
    </ClCompile>
    <ClCompile Include="gcdext_lehmer.c">
      <Filter>源文件</Filter>
    </ClCompile>
    <ClCompile Include="hgcd.c">
      <Filter>源文件</Filter>
    </ClCompile>
    <ClCompile Include="hgcd_appr.c">
      <Filter>源文件</Filter>
    </ClCompile>
    <ClCompile Include="hgcd_jacobi.c">
      <Filter>源文件</Filter>
    </ClCompile>
    <ClCompile Include="hgcd_matrix.c">
      <Filter>源文件</Filter>
    </ClCompile>
    <ClCompile Include="hgcd_reduce.c">
      <Filter>源文件</Filter>
    </ClCompile>
    <ClCompile Include="hgcd_step.c">
      <Filter>源文件</Filter>
    </ClCompile>
    <ClCompile Include="hgcd2.c">
      <Filter>源文件</Filter>
    </ClCompile>
    <ClCompile Include="hgcd2_jacobi.c">
      <Filter>源文件</Filter>
    </ClCompile>
    <ClCompile Include="invert.c">
      <Filter>源文件</Filter>
    </ClCompile>
    <ClCompile Include="invertappr.c">
      <Filter>源文件</Filter>
    </ClCompile>
    <ClCompile Include="jacbase.c">
      <Filter>源文件</Filter>
    </ClCompile>
    <ClCompile Include="jacobi.c">
      <Filter>源文件</Filter>
    </ClCompile>
    <ClCompile Include="jacobi_2.c">
      <Filter>源文件</Filter>
    </ClCompile>
    <ClCompile Include="tdiv_qr.c">
      <Filter>源文件</Filter>
    </ClCompile>
    <ClCompile Include="mod_1.c">
      <Filter>源文件</Filter>
    </ClCompile>
    <ClCompile Include="mod_1_3.c">
      <Filter>源文件</Filter>
    </ClCompile>
    <ClCompile Include="powlo.c">
      <Filter>源文件</Filter>
    </ClCompile>
    <ClCompile Include="powm.c">
      <Filter>源文件</Filter>
    </ClCompile>
    <ClCompile Include="get_str.c">
      <Filter>源文件</Filter>
    </ClCompile>
    <ClCompile Include="broot.c">
      <Filter>源文件</Filter>
    </ClCompile>
    <ClCompile Include="brootinv.c">
      <Filter>源文件</Filter>
    </ClCompile>
    <ClCompile Include="matrix22_mul.c">
      <Filter>源文件</Filter>
    </ClCompile>
    <ClCompile Include="matrix22_mul1_inverse_vector.c">
      <Filter>源文件</Filter>
    </ClCompile>
    <ClCompile Include="strongfibo.c">
      <Filter>源文件</Filter>
    </ClCompile>
    <ClCompile Include="rootrem.c">
      <Filter>源文件</Filter>
    </ClCompile>
    <ClCompile Include="set_str.c">
      <Filter>源文件</Filter>
    </ClCompile>
    <ClCompile Include="random.c">
      <Filter>源文件</Filter>
    </ClCompile>
    <ClCompile Include="random2.c">
      <Filter>源文件</Filter>
    </ClCompile>
    <ClCompile Include="nussbaumer_mul.c">
      <Filter>源文件</Filter>
    </ClCompile>
    <ClCompile Include="scan0.c">
      <Filter>源文件</Filter>
    </ClCompile>
    <ClCompile Include="scan1.c">
      <Filter>源文件</Filter>
    </ClCompile>
    <ClCompile Include="sec_div_qr.c">
      <Filter>源文件</Filter>
    </ClCompile>
    <ClCompile Include="sec_div_r.c">
      <Filter>源文件</Filter>
    </ClCompile>
    <ClCompile Include="sec_invert.c">
      <Filter>源文件</Filter>
    </ClCompile>
    <ClCompile Include="sec_mul.c">
      <Filter>源文件</Filter>
    </ClCompile>
    <ClCompile Include="sec_pi1_div_qr.c">
      <Filter>源文件</Filter>
    </ClCompile>
    <ClCompile Include="sec_pi1_div_r.c">
      <Filter>源文件</Filter>
    </ClCompile>
    <ClCompile Include="sec_powm.c">
      <Filter>源文件</Filter>
    </ClCompile>
    <ClCompile Include="sec_sqr.c">
      <Filter>源文件</Filter>
    </ClCompile>
    <ClCompile Include="sec_sub_1.c">
      <Filter>源文件</Filter>
    </ClCompile>
    <ClCompile Include="sizeinbase.c">
      <Filter>源文件</Filter>
    </ClCompile>
    <ClCompile Include="redc_2.c">
      <Filter>源文件</Filter>
    </ClCompile>
    <ClCompile Include="redc_n.c">
      <Filter>源文件</Filter>
    </ClCompile>
    <ClCompile Include="div_q.c">
      <Filter>源文件</Filter>
    </ClCompile>
    <ClCompile Include="add.c">
      <Filter>源文件</Filter>
    </ClCompile>
    <ClCompile Include="add_n_sub_n.c">
      <Filter>源文件</Filter>
    </ClCompile>
    <ClCompile Include="bsqrt.c">
      <Filter>源文件</Filter>
    </ClCompile>
    <ClCompile Include="bsqrtinv.c">
      <Filter>源文件</Filter>
    </ClCompile>
    <ClCompile Include="cnd_swap.c">
      <Filter>源文件</Filter>
    </ClCompile>
    <ClCompile Include="comb_tables.c">
      <Filter>源文件</Filter>
    </ClCompile>
    <ClCompile Include="compute_powtab.c">
      <Filter>源文件</Filter>
    </ClCompile>
    <ClCompile Include="div_qr_1.c">
      <Filter>源文件</Filter>
    </ClCompile>
    <ClCompile Include="div_qr_2.c">
      <Filter>源文件</Filter>
    </ClCompile>
    <ClCompile Include="diveby3.c">
      <Filter>源文件</Filter>
    </ClCompile>
    <ClCompile Include="divis.c">
      <Filter>源文件</Filter>
    </ClCompile>
    <ClCompile Include="divrem.c">
      <Filter>源文件</Filter>
    </ClCompile>
    <ClCompile Include="dump.c">
      <Filter>源文件</Filter>
    </ClCompile>
    <ClCompile Include="fib2_ui.c">
      <Filter>源文件</Filter>
    </ClCompile>
    <ClCompile Include="fib2m.c">
      <Filter>源文件</Filter>
    </ClCompile>
    <ClCompile Include="get_d.c">
      <Filter>源文件</Filter>
    </ClCompile>
    <ClCompile Include="mp_bases.c">
      <Filter>源文件</Filter>
    </ClCompile>
    <ClCompile Include="perfpow.c">
      <Filter>源文件</Filter>
    </ClCompile>
    <ClCompile Include="pow_1.c">
      <Filter>源文件</Filter>
    </ClCompile>
    <ClCompile Include="pre_mod_1.c">
      <Filter>源文件</Filter>
    </ClCompile>
    <ClCompile Include="remove.c">
      <Filter>源文件</Filter>
    </ClCompile>
    <ClCompile Include="trialdiv.c">
      <Filter>源文件</Filter>
    </ClCompile>
    <ClCompile Include="zero.c">
      <Filter>源文件</Filter>
    </ClCompile>
    <ClCompile Include="generic\gcd_22.c">
      <Filter>源文件</Filter>
    </ClCompile>
    <ClCompile Include="perfsqr.c">
      <Filter>源文件</Filter>
    </ClCompile>
  </ItemGroup>
</Project>